# This is a Gradle generated file for dependency locking.
# Manual edits can break the build and are not advised.
# This file is expected to be part of source control.
# To regenerate this file, run: ./gradlew :dependencies --write-locks
ch.qos.logback:logback-classic:1.6.1=mainPmdAuxClasspath
ch.qos.logback:logback-classic:1.6.3=compileClasspath,runtimeClasspath
ch.qos.logback:logback-core:1.6.1=mainPmdAuxClasspath
ch.qos.logback:logback-core:1.6.3=compileClasspath,runtimeClasspath
com.damnhandy:handy-uri-templates:2.1.8=compileClasspath,mainPmdAuxClasspath,runtimeClasspath,testCompileClasspath,testPmdAuxClasspath,testRuntimeClasspath
com.fasterxml.jackson.core:jackson-annotations:2.22=compileClasspath,mainPmdAuxClasspath,runtimeClasspath,testCompileClasspath,testPmdAuxClasspath,testRuntimeClasspath
com.fasterxml.jackson.core:jackson-core:2.22.1=compileClasspath,mainPmdAuxClasspath,runtimeClasspath,testCompileClasspath,testPmdAuxClasspath,testRuntimeClasspath
com.fasterxml.jackson.core:jackson-databind:2.22.1=compileClasspath,mainPmdAuxClasspath,runtimeClasspath,testCompileClasspath,testPmdAuxClasspath,testRuntimeClasspath
com.fasterxml.jackson:jackson-bom:2.22.1=compileClasspath,mainPmdAuxClasspath,runtimeClasspath,testCompileClasspath,testPmdAuxClasspath,testRuntimeClasspath
com.github.ben-manes.caffeine:caffeine:3.0.5=annotationProcessor,testAnnotationProcessor
com.github.everit-org.json-schema:org.everit.json.schema:1.14.6=compileClasspath,mainPmdAuxClasspath,runtimeClasspath,testCompileClasspath,testPmdAuxClasspath,testRuntimeClasspath
com.github.gmazzo.okhttp.mock:mock-client:2.1.0=testCompileClasspath,testPmdAuxClasspath,testRuntimeClasspath
com.github.kevinstern:software-and-algorithms:1.0=annotationProcessor,testAnnotationProcessor
com.github.oowekyala.ooxml:nice-xml-messages:3.1=pmd
com.google.auto.service:auto-service-annotations:1.0.1=annotationProcessor,testAnnotationProcessor
com.google.auto.value:auto-value-annotations:1.9=annotationProcessor,testAnnotationProcessor
com.google.auto:auto-common:1.2.2=annotationProcessor,testAnnotationProcessor
com.google.code.findbugs:findbugs-annotations:3.0.1=testCompileClasspath,testPmdAuxClasspath,testRuntimeClasspath
com.google.code.findbugs:jsr305:3.0.2=annotationProcessor,checkstyle,testAnnotationProcessor,testCompileClasspath,testPmdAuxClasspath,testRuntimeClasspath
com.google.code.gson:gson:2.13.0=pmd
com.google.code.gson:gson:2.14.0=compileClasspath,mainPmdAuxClasspath,runtimeClasspath,testCompileClasspath,testPmdAuxClasspath,testRuntimeClasspath
com.google.errorprone:error_prone_annotation:2.42.0=annotationProcessor,testAnnotationProcessor
com.google.errorprone:error_prone_annotations:2.28.0=checkstyle
com.google.errorprone:error_prone_annotations:2.37.0=pmd
com.google.errorprone:error_prone_annotations:2.42.0=annotationProcessor,testAnnotationProcessor
com.google.errorprone:error_prone_annotations:2.48.0=compileClasspath,mainPmdAuxClasspath,runtimeClasspath,testCompileClasspath,testPmdAuxClasspath,testRuntimeClasspath
com.google.errorprone:error_prone_check_api:2.42.0=annotationProcessor,testAnnotationProcessor
com.google.errorprone:error_prone_core:2.42.0=annotationProcessor,testAnnotationProcessor
com.google.errorprone:error_prone_type_annotations:2.37.0=pmd
com.google.googlejavaformat:google-java-format:1.27.0=annotationProcessor,testAnnotationProcessor
com.google.guava:failureaccess:1.0.2=annotationProcessor,checkstyle,testAnnotationProcessor
com.google.guava:failureaccess:1.0.3=compileClasspath,mainPmdAuxClasspath,runtimeClasspath,testCompileClasspath,testPmdAuxClasspath,testRuntimeClasspath
com.google.guava:guava:33.3.1-jre=checkstyle
com.google.guava:guava:33.4.0-jre=annotationProcessor,testAnnotationProcessor
com.google.guava:guava:33.6.0-jre=compileClasspath,mainPmdAuxClasspath,runtimeClasspath,testCompileClasspath,testPmdAuxClasspath,testRuntimeClasspath
com.google.guava:listenablefuture:9999.0-empty-to-avoid-conflict-with-guava=annotationProcessor,checkstyle,compileClasspath,mainPmdAuxClasspath,runtimeClasspath,testAnnotationProcessor,testCompileClasspath,testPmdAuxClasspath,testRuntimeClasspath
com.google.j2objc:j2objc-annotations:3.0.0=annotationProcessor,checkstyle,testAnnotationProcessor
com.google.j2objc:j2objc-annotations:3.1=compileClasspath,mainPmdAuxClasspath,runtimeClasspath,testCompileClasspath,testPmdAuxClasspath,testRuntimeClasspath
com.google.protobuf:protobuf-java:3.25.5=annotationProcessor,testAnnotationProcessor
com.google.re2j:re2j:1.8=compileClasspath,mainPmdAuxClasspath,runtimeClasspath,testCompileClasspath,testPmdAuxClasspath,testRuntimeClasspath
com.ibm.icu:icu4j:72.1=compileClasspath,mainPmdAuxClasspath,runtimeClasspath,testCompileClasspath,testPmdAuxClasspath,testRuntimeClasspath
com.openhtmltopdf:openhtmltopdf-core:1.0.10=compileClasspath,mainPmdAuxClasspath,runtimeClasspath,testCompileClasspath,testPmdAuxClasspath,testRuntimeClasspath
com.openhtmltopdf:openhtmltopdf-pdfbox:1.0.10=compileClasspath,mainPmdAuxClasspath,runtimeClasspath,testCompileClasspath,testPmdAuxClasspath,testRuntimeClasspath
com.openhtmltopdf:openhtmltopdf-rtl-support:1.0.10=compileClasspath,mainPmdAuxClasspath,runtimeClasspath,testCompileClasspath,testPmdAuxClasspath,testRuntimeClasspath
com.puppycrawl.tools:checkstyle:10.18.2=checkstyle
com.squareup.okhttp3:mockwebserver3:5.4.0=testCompileClasspath,testPmdAuxClasspath,testRuntimeClasspath
com.squareup.okhttp3:mockwebserver:5.4.0=testCompileClasspath,testPmdAuxClasspath,testRuntimeClasspath
com.squareup.okhttp3:okhttp-jvm:5.4.0=compileClasspath,mainPmdAuxClasspath,runtimeClasspath,testCompileClasspath,testPmdAuxClasspath,testRuntimeClasspath
com.squareup.okhttp3:okhttp:5.4.0=compileClasspath,mainPmdAuxClasspath,runtimeClasspath,testCompileClasspath,testPmdAuxClasspath,testRuntimeClasspath
com.squareup.okio:okio-jvm:3.17.0=compileClasspath,mainPmdAuxClasspath,runtimeClasspath,testCompileClasspath,testPmdAuxClasspath,testRuntimeClasspath
com.squareup.okio:okio:3.17.0=compileClasspath,mainPmdAuxClasspath,runtimeClasspath,testCompileClasspath,testPmdAuxClasspath,testRuntimeClasspath
com.uber.nullaway:nullaway:0.13.8=annotationProcessor,testAnnotationProcessor
com.vladsch.flexmark:flexmark-all:0.64.8=compileClasspath,mainPmdAuxClasspath,runtimeClasspath,testCompileClasspath,testPmdAuxClasspath,testRuntimeClasspath
com.vladsch.flexmark:flexmark-ext-abbreviation:0.64.8=compileClasspath,mainPmdAuxClasspath,runtimeClasspath,testCompileClasspath,testPmdAuxClasspath,testRuntimeClasspath
com.vladsch.flexmark:flexmark-ext-admonition:0.64.8=compileClasspath,mainPmdAuxClasspath,runtimeClasspath,testCompileClasspath,testPmdAuxClasspath,testRuntimeClasspath
com.vladsch.flexmark:flexmark-ext-anchorlink:0.64.8=compileClasspath,mainPmdAuxClasspath,runtimeClasspath,testCompileClasspath,testPmdAuxClasspath,testRuntimeClasspath
com.vladsch.flexmark:flexmark-ext-aside:0.64.8=compileClasspath,mainPmdAuxClasspath,runtimeClasspath,testCompileClasspath,testPmdAuxClasspath,testRuntimeClasspath
com.vladsch.flexmark:flexmark-ext-attributes:0.64.8=compileClasspath,mainPmdAuxClasspath,runtimeClasspath,testCompileClasspath,testPmdAuxClasspath,testRuntimeClasspath
com.vladsch.flexmark:flexmark-ext-autolink:0.64.8=compileClasspath,mainPmdAuxClasspath,runtimeClasspath,testCompileClasspath,testPmdAuxClasspath,testRuntimeClasspath
com.vladsch.flexmark:flexmark-ext-definition:0.64.8=compileClasspath,mainPmdAuxClasspath,runtimeClasspath,testCompileClasspath,testPmdAuxClasspath,testRuntimeClasspath
com.vladsch.flexmark:flexmark-ext-emoji:0.64.8=compileClasspath,mainPmdAuxClasspath,runtimeClasspath,testCompileClasspath,testPmdAuxClasspath,testRuntimeClasspath
com.vladsch.flexmark:flexmark-ext-enumerated-reference:0.64.8=compileClasspath,mainPmdAuxClasspath,runtimeClasspath,testCompileClasspath,testPmdAuxClasspath,testRuntimeClasspath
com.vladsch.flexmark:flexmark-ext-escaped-character:0.64.8=compileClasspath,mainPmdAuxClasspath,runtimeClasspath,testCompileClasspath,testPmdAuxClasspath,testRuntimeClasspath
com.vladsch.flexmark:flexmark-ext-footnotes:0.64.8=compileClasspath,mainPmdAuxClasspath,runtimeClasspath,testCompileClasspath,testPmdAuxClasspath,testRuntimeClasspath
com.vladsch.flexmark:flexmark-ext-gfm-issues:0.64.8=compileClasspath,mainPmdAuxClasspath,runtimeClasspath,testCompileClasspath,testPmdAuxClasspath,testRuntimeClasspath
com.vladsch.flexmark:flexmark-ext-gfm-strikethrough:0.64.8=compileClasspath,mainPmdAuxClasspath,runtimeClasspath,testCompileClasspath,testPmdAuxClasspath,testRuntimeClasspath
com.vladsch.flexmark:flexmark-ext-gfm-tasklist:0.64.8=compileClasspath,mainPmdAuxClasspath,runtimeClasspath,testCompileClasspath,testPmdAuxClasspath,testRuntimeClasspath
com.vladsch.flexmark:flexmark-ext-gfm-users:0.64.8=compileClasspath,mainPmdAuxClasspath,runtimeClasspath,testCompileClasspath,testPmdAuxClasspath,testRuntimeClasspath
com.vladsch.flexmark:flexmark-ext-gitlab:0.64.8=compileClasspath,mainPmdAuxClasspath,runtimeClasspath,testCompileClasspath,testPmdAuxClasspath,testRuntimeClasspath
com.vladsch.flexmark:flexmark-ext-ins:0.64.8=compileClasspath,mainPmdAuxClasspath,runtimeClasspath,testCompileClasspath,testPmdAuxClasspath,testRuntimeClasspath
com.vladsch.flexmark:flexmark-ext-jekyll-front-matter:0.64.8=compileClasspath,mainPmdAuxClasspath,runtimeClasspath,testCompileClasspath,testPmdAuxClasspath,testRuntimeClasspath
com.vladsch.flexmark:flexmark-ext-jekyll-tag:0.64.8=compileClasspath,mainPmdAuxClasspath,runtimeClasspath,testCompileClasspath,testPmdAuxClasspath,testRuntimeClasspath
com.vladsch.flexmark:flexmark-ext-macros:0.64.8=compileClasspath,mainPmdAuxClasspath,runtimeClasspath,testCompileClasspath,testPmdAuxClasspath,testRuntimeClasspath
com.vladsch.flexmark:flexmark-ext-media-tags:0.64.8=compileClasspath,mainPmdAuxClasspath,runtimeClasspath,testCompileClasspath,testPmdAuxClasspath,testRuntimeClasspath
com.vladsch.flexmark:flexmark-ext-resizable-image:0.64.8=compileClasspath,mainPmdAuxClasspath,runtimeClasspath,testCompileClasspath,testPmdAuxClasspath,testRuntimeClasspath
com.vladsch.flexmark:flexmark-ext-superscript:0.64.8=compileClasspath,mainPmdAuxClasspath,runtimeClasspath,testCompileClasspath,testPmdAuxClasspath,testRuntimeClasspath
com.vladsch.flexmark:flexmark-ext-tables:0.64.8=compileClasspath,mainPmdAuxClasspath,runtimeClasspath,testCompileClasspath,testPmdAuxClasspath,testRuntimeClasspath
com.vladsch.flexmark:flexmark-ext-toc:0.64.8=compileClasspath,mainPmdAuxClasspath,runtimeClasspath,testCompileClasspath,testPmdAuxClasspath,testRuntimeClasspath
com.vladsch.flexmark:flexmark-ext-typographic:0.64.8=compileClasspath,mainPmdAuxClasspath,runtimeClasspath,testCompileClasspath,testPmdAuxClasspath,testRuntimeClasspath
com.vladsch.flexmark:flexmark-ext-wikilink:0.64.8=compileClasspath,mainPmdAuxClasspath,runtimeClasspath,testCompileClasspath,testPmdAuxClasspath,testRuntimeClasspath
com.vladsch.flexmark:flexmark-ext-xwiki-macros:0.64.8=compileClasspath,mainPmdAuxClasspath,runtimeClasspath,testCompileClasspath,testPmdAuxClasspath,testRuntimeClasspath
com.vladsch.flexmark:flexmark-ext-yaml-front-matter:0.64.8=compileClasspath,mainPmdAuxClasspath,runtimeClasspath,testCompileClasspath,testPmdAuxClasspath,testRuntimeClasspath
com.vladsch.flexmark:flexmark-ext-youtube-embedded:0.64.8=compileClasspath,mainPmdAuxClasspath,runtimeClasspath,testCompileClasspath,testPmdAuxClasspath,testRuntimeClasspath
com.vladsch.flexmark:flexmark-html2md-converter:0.64.8=compileClasspath,mainPmdAuxClasspath,runtimeClasspath,testCompileClasspath,testPmdAuxClasspath,testRuntimeClasspath
com.vladsch.flexmark:flexmark-jira-converter:0.64.8=compileClasspath,mainPmdAuxClasspath,runtimeClasspath,testCompileClasspath,testPmdAuxClasspath,testRuntimeClasspath
com.vladsch.flexmark:flexmark-pdf-converter:0.64.8=compileClasspath,mainPmdAuxClasspath,runtimeClasspath,testCompileClasspath,testPmdAuxClasspath,testRuntimeClasspath
com.vladsch.flexmark:flexmark-profile-pegdown:0.64.8=compileClasspath,mainPmdAuxClasspath,runtimeClasspath,testCompileClasspath,testPmdAuxClasspath,testRuntimeClasspath
com.vladsch.flexmark:flexmark-util-ast:0.64.8=compileClasspath,mainPmdAuxClasspath,runtimeClasspath,testCompileClasspath,testPmdAuxClasspath,testRuntimeClasspath
com.vladsch.flexmark:flexmark-util-builder:0.64.8=compileClasspath,mainPmdAuxClasspath,runtimeClasspath,testCompileClasspath,testPmdAuxClasspath,testRuntimeClasspath
com.vladsch.flexmark:flexmark-util-collection:0.64.8=compileClasspath,mainPmdAuxClasspath,runtimeClasspath,testCompileClasspath,testPmdAuxClasspath,testRuntimeClasspath
com.vladsch.flexmark:flexmark-util-data:0.64.8=compileClasspath,mainPmdAuxClasspath,runtimeClasspath,testCompileClasspath,testPmdAuxClasspath,testRuntimeClasspath
com.vladsch.flexmark:flexmark-util-dependency:0.64.8=compileClasspath,mainPmdAuxClasspath,runtimeClasspath,testCompileClasspath,testPmdAuxClasspath,testRuntimeClasspath
com.vladsch.flexmark:flexmark-util-format:0.64.8=compileClasspath,mainPmdAuxClasspath,runtimeClasspath,testCompileClasspath,testPmdAuxClasspath,testRuntimeClasspath
com.vladsch.flexmark:flexmark-util-html:0.64.8=compileClasspath,mainPmdAuxClasspath,runtimeClasspath,testCompileClasspath,testPmdAuxClasspath,testRuntimeClasspath
com.vladsch.flexmark:flexmark-util-misc:0.64.8=compileClasspath,mainPmdAuxClasspath,runtimeClasspath,testCompileClasspath,testPmdAuxClasspath,testRuntimeClasspath
com.vladsch.flexmark:flexmark-util-options:0.64.8=compileClasspath,mainPmdAuxClasspath,runtimeClasspath,testCompileClasspath,testPmdAuxClasspath,testRuntimeClasspath
com.vladsch.flexmark:flexmark-util-sequence:0.64.8=compileClasspath,mainPmdAuxClasspath,runtimeClasspath,testCompileClasspath,testPmdAuxClasspath,testRuntimeClasspath
com.vladsch.flexmark:flexmark-util-visitor:0.64.8=compileClasspath,mainPmdAuxClasspath,runtimeClasspath,testCompileClasspath,testPmdAuxClasspath,testRuntimeClasspath
com.vladsch.flexmark:flexmark-util:0.64.8=compileClasspath,mainPmdAuxClasspath,runtimeClasspath,testCompileClasspath,testPmdAuxClasspath,testRuntimeClasspath
com.vladsch.flexmark:flexmark-youtrack-converter:0.64.8=compileClasspath,mainPmdAuxClasspath,runtimeClasspath,testCompileClasspath,testPmdAuxClasspath,testRuntimeClasspath
com.vladsch.flexmark:flexmark:0.64.8=compileClasspath,mainPmdAuxClasspath,runtimeClasspath,testCompileClasspath,testPmdAuxClasspath,testRuntimeClasspath
commons-beanutils:commons-beanutils:1.9.4=checkstyle
commons-codec:commons-codec:1.15=checkstyle,pmd
commons-collections:commons-collections:3.2.2=checkstyle,compileClasspath,mainPmdAuxClasspath,runtimeClasspath,testCompileClasspath,testPmdAuxClasspath,testRuntimeClasspath
commons-digester:commons-digester:2.1=compileClasspath,mainPmdAuxClasspath,runtimeClasspath,testCompileClasspath,testPmdAuxClasspath,testRuntimeClasspath
commons-io:commons-io:2.16.1=compileClasspath,mainPmdAuxClasspath,runtimeClasspath,testCompileClasspath,testPmdAuxClasspath,testRuntimeClasspath
commons-logging:commons-logging:1.3.2=compileClasspath,mainPmdAuxClasspath,runtimeClasspath,testCompileClasspath,testPmdAuxClasspath,testRuntimeClasspath
commons-validator:commons-validator:1.9.0=compileClasspath,mainPmdAuxClasspath,runtimeClasspath,testCompileClasspath,testPmdAuxClasspath,testRuntimeClasspath
de.rototor.pdfbox:graphics2d:0.32=compileClasspath,mainPmdAuxClasspath,runtimeClasspath,testCompileClasspath,testPmdAuxClasspath,testRuntimeClasspath
info.picocli:picocli:4.7.6=checkstyle
io.github.eisop:dataflow-errorprone:3.41.0-eisop1=annotationProcessor,testAnnotationProcessor
io.github.java-diff-utils:java-diff-utils:4.12=annotationProcessor,testAnnotationProcessor
javax.inject:javax.inject:1=annotationProcessor,testAnnotationProcessor
joda-time:joda-time:2.10.2=compileClasspath,mainPmdAuxClasspath,runtimeClasspath,testCompileClasspath,testPmdAuxClasspath,testRuntimeClasspath
junit:junit:4.13.2=testCompileClasspath,testPmdAuxClasspath,testRuntimeClasspath
net.bytebuddy:byte-buddy-agent:1.17.7=testCompileClasspath,testPmdAuxClasspath,testRuntimeClasspath
net.bytebuddy:byte-buddy:1.17.7=testCompileClasspath,testPmdAuxClasspath,testRuntimeClasspath
net.java.dev.jna:jna-platform:4.5.0=testCompileClasspath,testPmdAuxClasspath,testRuntimeClasspath
net.java.dev.jna:jna:4.5.0=testCompileClasspath,testPmdAuxClasspath,testRuntimeClasspath
net.sf.launch4j:launch4j:3.50=launch4jBin
net.sf.saxon:Saxon-HE:12.5=checkstyle,pmd
net.sf.trove4j:trove4j:3.0.3=testCompileClasspath,testPmdAuxClasspath,testRuntimeClasspath
net.sourceforge.pmd:pmd-ant:7.13.0=pmd
net.sourceforge.pmd:pmd-core:7.13.0=pmd
net.sourceforge.pmd:pmd-java:7.13.0=pmd
org.antlr:antlr4-runtime:4.13.2=checkstyle
org.antlr:antlr4-runtime:4.9.3=pmd
org.apache.avro:avro:1.11.3=testCompileClasspath,testPmdAuxClasspath,testRuntimeClasspath
org.apache.commons:commons-lang3:3.17.0=pmd
org.apache.commons:commons-lang3:3.18.0=compileClasspath,mainPmdAuxClasspath,runtimeClasspath,testCompileClasspath,testPmdAuxClasspath,testRuntimeClasspath
org.apache.commons:commons-lang3:3.8.1=checkstyle
org.apache.commons:commons-text:1.3=checkstyle
org.apache.httpcomponents.client5:httpclient5:5.1.3=checkstyle,pmd
org.apache.httpcomponents.core5:httpcore5-h2:5.1.3=checkstyle,pmd
org.apache.httpcomponents.core5:httpcore5:5.1.3=checkstyle,pmd
org.apache.httpcomponents:httpclient:4.5.13=checkstyle
org.apache.httpcomponents:httpcore:4.4.14=checkstyle
org.apache.maven.doxia:doxia-core:1.12.0=checkstyle
org.apache.maven.doxia:doxia-logging-api:1.12.0=checkstyle
org.apache.maven.doxia:doxia-module-xdoc:1.12.0=checkstyle
org.apache.maven.doxia:doxia-sink-api:1.12.0=checkstyle
org.apache.pdfbox:fontbox:2.0.24=compileClasspath,mainPmdAuxClasspath,runtimeClasspath,testCompileClasspath,testPmdAuxClasspath,testRuntimeClasspath
org.apache.pdfbox:pdfbox:2.0.24=compileClasspath,mainPmdAuxClasspath,runtimeClasspath,testCompileClasspath,testPmdAuxClasspath,testRuntimeClasspath
org.apache.pdfbox:xmpbox:2.0.24=compileClasspath,mainPmdAuxClasspath,runtimeClasspath,testCompileClasspath,testPmdAuxClasspath,testRuntimeClasspath
org.apache.xbean:xbean-reflect:3.7=checkstyle
org.apiguardian:apiguardian-api:1.1.2=testCompileClasspath
org.assertj:assertj-core:3.13.2=testPmdAuxClasspath,testRuntimeClasspath
org.checkerframework:checker-qual:3.47.0=checkstyle
org.checkerframework:checker-qual:3.49.2=pmd
org.checkerframework:checker-qual:4.0.0=annotationProcessor,testAnnotationProcessor
org.checkerframework:dataflow-nullaway:4.0.0=annotationProcessor,testAnnotationProcessor
org.codehaus.plexus:plexus-classworlds:2.6.0=checkstyle
org.codehaus.plexus:plexus-component-annotations:2.1.0=checkstyle
org.codehaus.plexus:plexus-container-default:2.1.0=checkstyle
org.codehaus.plexus:plexus-utils:3.3.0=checkstyle
org.hamcrest:hamcrest:3.0=testCompileClasspath,testPmdAuxClasspath,testRuntimeClasspath
org.hildan.fxgson:fx-gson:5.0.0=compileClasspath,mainPmdAuxClasspath,runtimeClasspath,testCompileClasspath,testPmdAuxClasspath,testRuntimeClasspath
org.javassist:javassist:3.28.0-GA=checkstyle
org.jetbrains.kotlin:kotlin-stdlib:2.2.21=compileClasspath,mainPmdAuxClasspath,runtimeClasspath,testCompileClasspath,testPmdAuxClasspath,testRuntimeClasspath
org.jetbrains:annotations:24.0.1=compileClasspath,mainPmdAuxClasspath,runtimeClasspath,testCompileClasspath,testPmdAuxClasspath,testRuntimeClasspath
org.json:json:20250107=compileClasspath,mainPmdAuxClasspath,runtimeClasspath,testCompileClasspath,testPmdAuxClasspath,testRuntimeClasspath
org.jsoup:jsoup:1.15.4=compileClasspath,mainPmdAuxClasspath,runtimeClasspath,testCompileClasspath,testPmdAuxClasspath,testRuntimeClasspath
org.jspecify:jspecify:1.0.0=annotationProcessor,compileClasspath,mainPmdAuxClasspath,runtimeClasspath,testAnnotationProcessor,testCompileClasspath,testPmdAuxClasspath,testRuntimeClasspath
org.junit.jupiter:junit-jupiter-api:6.1.3=testCompileClasspath,testPmdAuxClasspath,testRuntimeClasspath
org.junit.jupiter:junit-jupiter-engine:6.1.3=testRuntimeClasspath
org.junit.jupiter:junit-jupiter-params:6.1.3=testCompileClasspath,testPmdAuxClasspath,testRuntimeClasspath
org.junit.platform:junit-platform-commons:6.1.3=testCompileClasspath,testPmdAuxClasspath,testRuntimeClasspath
org.junit.platform:junit-platform-engine:6.1.3=testRuntimeClasspath
org.junit.platform:junit-platform-launcher:6.1.3=testRuntimeClasspath
org.junit:junit-bom:6.1.3=testCompileClasspath,testPmdAuxClasspath,testRuntimeClasspath
org.kohsuke:github-api:1.330=compileClasspath,mainPmdAuxClasspath,runtimeClasspath,testCompileClasspath,testPmdAuxClasspath,testRuntimeClasspath
org.mockito:mockito-core:5.23.0=testCompileClasspath,testPmdAuxClasspath,testRuntimeClasspath
org.mockito:mockito-junit-jupiter:5.23.0=testCompileClasspath,testPmdAuxClasspath,testRuntimeClasspath
org.nibor.autolink:autolink:0.6.0=compileClasspath,mainPmdAuxClasspath,runtimeClasspath,testCompileClasspath,testPmdAuxClasspath,testRuntimeClasspath
org.objenesis:objenesis:3.3=testPmdAuxClasspath,testRuntimeClasspath
org.openjfx:javafx-base:17.0.20=compileClasspath,mainPmdAuxClasspath,runtimeClasspath,testCompileClasspath,testPmdAuxClasspath,testRuntimeClasspath
org.openjfx:javafx-controls:17.0.20=compileClasspath,mainPmdAuxClasspath,runtimeClasspath,testCompileClasspath,testPmdAuxClasspath,testRuntimeClasspath
org.openjfx:javafx-fxml:17.0.20=compileClasspath,mainPmdAuxClasspath,runtimeClasspath,testCompileClasspath,testPmdAuxClasspath,testRuntimeClasspath
org.openjfx:javafx-graphics:17.0.20=compileClasspath,mainPmdAuxClasspath,runtimeClasspath,testCompileClasspath,testPmdAuxClasspath,testRuntimeClasspath
org.openjfx:javafx-media:17.0.20=compileClasspath,mainPmdAuxClasspath,runtimeClasspath,testCompileClasspath,testPmdAuxClasspath,testRuntimeClasspath
org.openjfx:javafx-web:17.0.20=compileClasspath,mainPmdAuxClasspath,runtimeClasspath,testCompileClasspath,testPmdAuxClasspath,testRuntimeClasspath
org.opentest4j:opentest4j:1.3.0=testCompileClasspath,testPmdAuxClasspath,testRuntimeClasspath
org.osgi:org.osgi.core:6.0.0=testPmdAuxClasspath,testRuntimeClasspath
org.ow2.asm:asm:9.8=pmd
org.pcollections:pcollections:4.0.1=annotationProcessor,testAnnotationProcessor
org.pcollections:pcollections:4.0.2=pmd
org.reflections:reflections:0.10.2=checkstyle
org.semver4j:semver4j:6.0.0=compileClasspath,mainPmdAuxClasspath,runtimeClasspath,testCompileClasspath,testPmdAuxClasspath,testRuntimeClasspath
org.slf4j:jcl-over-slf4j:2.0.9=testCompileClasspath,testPmdAuxClasspath,testRuntimeClasspath
org.slf4j:jul-to-slf4j:1.7.36=pmd
org.slf4j:slf4j-api:2.0.18=compileClasspath,mainPmdAuxClasspath,runtimeClasspath
org.slf4j:slf4j-api:2.1.0-alpha1=testCompileClasspath,testPmdAuxClasspath,testRuntimeClasspath
org.spf4j.avro:core-schema:1.0.10=testCompileClasspath,testPmdAuxClasspath,testRuntimeClasspath
org.spf4j:avro-logical-types-gen:1.3p=testCompileClasspath,testPmdAuxClasspath,testRuntimeClasspath
org.spf4j:spf4j-slf4j-test:8.10.0=testCompileClasspath,testPmdAuxClasspath,testRuntimeClasspath
org.terasology.config:codemetrics:1.7.1=codeMetrics
org.testfx:openjfx-monocle:17.0.10=testCompileClasspath,testPmdAuxClasspath,testRuntimeClasspath
org.testfx:testfx-core:4.0.18=testCompileClasspath,testPmdAuxClasspath,testRuntimeClasspath
org.testfx:testfx-junit5:4.0.18=testCompileClasspath,testPmdAuxClasspath,testRuntimeClasspath
org.threeten:threeten-extra:1.7.2=testCompileClasspath,testPmdAuxClasspath,testRuntimeClasspath
org.xmlresolver:xmlresolver:5.2.2=checkstyle,pmd
empty=
